
Microsoft Visual Studio Solution File, Format Version 12.00
# Visual Studio 15
VisualStudioVersion = 15.0.28306.52
MinimumVisualStudioVersion = 10.0.40219.1
Project("{FAE04EC0-301F-11D3-BF4B-00C04F79EFBC}") = "Auto Steam Fix", "Auto Steam Fix\Auto Steam Fix.csproj", "{D4BA0302-CDB2-43BF-96C8-E13C5664469E}"
EndProject
Global
	GlobalSection(SolutionConfigurationPlatforms) = preSolution
		Debug|Any CPU = Debug|Any CPU
		Release|Any CPU = Release|Any CPU
	EndGlobalSection
	GlobalSection(ProjectConfigurationPlatforms) = postSolution
		{D4BA0302-CDB2-43BF-96C8-E13C5664469E}.Debug|Any CPU.ActiveCfg = Debug|Any CPU
		{D4BA0302-CDB2-43BF-96C8-E13C5664469E}.Debug|Any CPU.Build.0 = Debug|Any CPU
		{D4BA0302-CDB2-43BF-96C8-E13C5664469E}.Release|Any CPU.ActiveCfg = Release|Any CPU
		{D4BA0302-CDB2-43BF-96C8-E13C5664469E}.Release|Any CPU.Build.0 = Release|Any CPU
	EndGlobalSection
	GlobalSection(SolutionProperties) = preSolution
		HideSolutionNode = FALSE
	EndGlobalSection
	GlobalSection(ExtensibilityGlobals) = postSolution
		SolutionGuid = {DE17639A-2775-4F83-A7CB-C1999A03708E}
	EndGlobalSection
EndGlobal
